Microsoft Visual Studio Solution File, Format Version 12.00
# Visual Studio Version 17
VisualStudioVersion = 17.5.2.0
MinimumVisualStudioVersion = 10.0.40219.1
Project("{FAE04EC0-301F-11D3-BF4B-00C04F79EFBC}") = "entity_framework", "entity_framework.csproj", "{75B3BAC1-2BAF-D020-EB81-E8424A6D9243}"
EndProject
Global
	GlobalSection(SolutionConfigurationPlatforms) = preSolution
		Debug|Any CPU = Debug|Any CPU
		Release|Any CPU = Release|Any CPU
	EndGlobalSection
	GlobalSection(ProjectConfigurationPlatforms) = postSolution
		{75B3BAC1-2BAF-D020-EB81-E8424A6D9243}.Debug|Any CPU.ActiveCfg = Debug|Any CPU
		{75B3BAC1-2BAF-D020-EB81-E8424A6D9243}.Debug|Any CPU.Build.0 = Debug|Any CPU
		{75B3BAC1-2BAF-D020-EB81-E8424A6D9243}.Release|Any CPU.ActiveCfg = Release|Any CPU
		{75B3BAC1-2BAF-D020-EB81-E8424A6D9243}.Release|Any CPU.Build.0 = Release|Any CPU
	EndGlobalSection
	GlobalSection(SolutionProperties) = preSolution
		HideSolutionNode = FALSE
	EndGlobalSection
	GlobalSection(ExtensibilityGlobals) = postSolution
		SolutionGuid = {2035ACC6-B12F-43E9-B899-D353A211A324}
	EndGlobalSection
EndGlobal
